
Microsoft Visual Studio Solution File, Format Version 12.00
# Visual Studio Version 16
VisualStudioVersion = 16.0.33927.289
MinimumVisualStudioVersion = 10.0.40219.1
Project("{2150E333-8FDC-42A3-9474-1A3956D46DE8}") = "Task0", "Task0", "{B1F00FCB-FFDD-4550-9585-6431B16E3449}"
EndProject
Project("{2150E333-8FDC-42A3-9474-1A3956D46DE8}") = "Task1", "Task1", "{20825FA9-C7CE-4A68-B772-EE51D0EEE8D7}"
EndProject
Project("{2150E333-8FDC-42A3-9474-1A3956D46DE8}") = "Task2", "Task2", "{11B6C83C-9A98-43FD-AEC2-BE6EAC450BDC}"
EndProject
Project("{2150E333-8FDC-42A3-9474-1A3956D46DE8}") = "Task3", "Task3", "{82E39674-C0F9-4A88-BFD8-285F657199E4}"
EndProject
Project("{2150E333-8FDC-42A3-9474-1A3956D46DE8}") = "Task4", "Task4", "{73EFD1AB-7763-4F0E-9972-19A0ED227DBF}"
EndProject
Project("{2150E333-8FDC-42A3-9474-1A3956D46DE8}") = "Task5", "Task5", "{DFF36EA5-B3A0-443A-8A44-9DF1EB7787FD}"
EndProject
Project("{2150E333-8FDC-42A3-9474-1A3956D46DE8}") = "Task6", "Task6", "{FDA836CA-B726-4F56-A887-0D2A626FE910}"
EndProject
Project("{2150E333-8FDC-42A3-9474-1A3956D46DE8}") = "Task7", "Task7", "{40155570-08E3-4B0A-B211-ED36F355E4C2}"
EndProject
Project("{FAE04EC0-301F-11D3-BF4B-00C04F79EFBC}") = "Tyuiu.HodakovaNA.Sprint4.Task0.V30", "Tyuiu.HodakovaNA.Sprint4.Task0.V30\Tyuiu.HodakovaNA.Sprint4.Task0.V30.csproj", "{B42D80CB-30BF-468C-BF7F-D5CC3EC224A9}"
EndProject
Project("{FAE04EC0-301F-11D3-BF4B-00C04F79EFBC}") = "Tyuiu.HodakovaNA.Sprint4.Task0.V30.Lib", "Tyuiu.HodakovaNA.Sprint4.Task0.V30.Lib\Tyuiu.HodakovaNA.Sprint4.Task0.V30.Lib.csproj", "{BC920617-FA06-488B-9DEE-E4BD0653BB7B}"
EndProject
Project("{FAE04EC0-301F-11D3-BF4B-00C04F79EFBC}") = "Tyuiu.HodakovaNA.Sprint4.Task0.V30.Test", "Tyuiu.HodakovaNA.Sprint4.Task0.V30.Test\Tyuiu.HodakovaNA.Sprint4.Task0.V30.Test.csproj", "{C2B8CE6D-3FD6-43A5-84EB-9F3850EAAA58}"
EndProject
Project("{FAE04EC0-301F-11D3-BF4B-00C04F79EFBC}") = "Tyuiu.HodakovaNA.Sprint4.Task1.V12", "Tyuiu.HodakovaNA.Sprint4.Task1.V12\Tyuiu.HodakovaNA.Sprint4.Task1.V12.csproj", "{4C4A4C4C-5515-43F5-8D6B-BED82D04FC4A}"
EndProject
Project("{FAE04EC0-301F-11D3-BF4B-00C04F79EFBC}") = "Tyuiu.HodakovaNA.Sprint4.Task1.V12.Lib", "Tyuiu.HodakovaNA.Sprint4.Task1.V12.Lib\Tyuiu.HodakovaNA.Sprint4.Task1.V12.Lib.csproj", "{237FF057-2AD1-453A-A556-7E1E6E316F62}"
EndProject
Project("{FAE04EC0-301F-11D3-BF4B-00C04F79EFBC}") = "Tyuiu.HodakovaNA.Sprint4.Task1.V12.Test", "Tyuiu.HodakovaNA.Sprint4.Task1.V12.Test\Tyuiu.HodakovaNA.Sprint4.Task1.V12.Test.csproj", "{D41A10D2-9715-4489-8011-084008EB00AA}"
EndProject
Project("{FAE04EC0-301F-11D3-BF4B-00C04F79EFBC}") = "Tyuiu.HodakovaNA.Sprint4.Task2.V13", "Tyuiu.HodakovaNA.Sprint4.Task2.V13\Tyuiu.HodakovaNA.Sprint4.Task2.V13.csproj", "{00F8CB09-BF6B-4F9F-A755-123E7AF6DE8F}"
EndProject
Project("{FAE04EC0-301F-11D3-BF4B-00C04F79EFBC}") = "Tyuiu.HodakovaNA.Sprint4.Task2.V13.Lib", "Tyuiu.HodakovaNA.Sprint4.Task2.V13.Lib\Tyuiu.HodakovaNA.Sprint4.Task2.V13.Lib.csproj", "{3474C943-0848-44DA-9544-A642E18686BB}"
EndProject
Project("{FAE04EC0-301F-11D3-BF4B-00C04F79EFBC}") = "Tyuiu.HodakovaNA.Sprint4.Task2.V13.Test", "Tyuiu.HodakovaNA.Sprint4.Task2.V13.Test\Tyuiu.HodakovaNA.Sprint4.Task2.V13.Test.csproj", "{EBAAA82B-1060-497E-AA44-2DA0DEC00008}"
EndProject
Project("{FAE04EC0-301F-11D3-BF4B-00C04F79EFBC}") = "Tyuiu.HodakovaNA.Sprint4.Task3.V22", "Tyuiu.HodakovaNA.Sprint4.Task3.V22\Tyuiu.HodakovaNA.Sprint4.Task3.V22.csproj", "{AFFAD93C-C3CF-44DD-A61B-F5217BCC7BC2}"
EndProject
Project("{FAE04EC0-301F-11D3-BF4B-00C04F79EFBC}") = "Tyuiu.HodakovaNA.Sprint4.Task3.V22.Lib", "Tyuiu.HodakovaNA.Sprint4.Task3.V22.Lib\Tyuiu.HodakovaNA.Sprint4.Task3.V22.Lib.csproj", "{689B182E-9107-4B45-B8B1-00B2D3B4C702}"
EndProject
Project("{FAE04EC0-301F-11D3-BF4B-00C04F79EFBC}") = "Tyuiu.HodakovaNA.Sprint4.Task3.V22.Test", "Tyuiu.HodakovaNA.Sprint4.Task3.V22.Test\Tyuiu.HodakovaNA.Sprint4.Task3.V22.Test.csproj", "{0FAECDC3-B9D1-4245-8AC3-08A59A3609EE}"
EndProject
Project("{FAE04EC0-301F-11D3-BF4B-00C04F79EFBC}") = "Tyuiu.HodakovaNA.Sprint4.Task4.V8", "Tyuiu.HodakovaNA.Sprint4.Task4.V8\Tyuiu.HodakovaNA.Sprint4.Task4.V8.csproj", "{5A1C3154-0C1D-45D8-B4B3-C80FE4F2753B}"
EndProject
Project("{FAE04EC0-301F-11D3-BF4B-00C04F79EFBC}") = "Tyuiu.HodakovaNA.Sprint4.Task4.V8.Lib", "Tyuiu.HodakovaNA.Sprint4.Task4.V8.Lib\Tyuiu.HodakovaNA.Sprint4.Task4.V8.Lib.csproj", "{F88E063D-75EB-45AB-8E07-A07696B5071C}"
EndProject
Project("{FAE04EC0-301F-11D3-BF4B-00C04F79EFBC}") = "Tyuiu.HodakovaNA.Sprint4.Task4.V8.Test", "Tyuiu.HodakovaNA.Sprint4.Task4.V8.Test\Tyuiu.HodakovaNA.Sprint4.Task4.V8.Test.csproj", "{442ED09F-117E-403A-B002-F8D90DF6DE06}"
EndProject
Project("{FAE04EC0-301F-11D3-BF4B-00C04F79EFBC}") = "Tyuiu.HodakovaNA.Sprint4.Task5.V21", "Tyuiu.HodakovaNA.Sprint4.Task5.V21\Tyuiu.HodakovaNA.Sprint4.Task5.V21.csproj", "{F059749B-F8CE-4F48-AF10-A42C997E9B86}"
EndProject
Project("{FAE04EC0-301F-11D3-BF4B-00C04F79EFBC}") = "Tyuiu.HodakovaNA.Sprint4.Task5.V21.Lib", "Tyuiu.HodakovaNA.Sprint4.Task5.V21.Lib\Tyuiu.HodakovaNA.Sprint4.Task5.V21.Lib.csproj", "{D1CC480E-0646-4EE9-BD40-A1C6E7762EEB}"
EndProject
Project("{FAE04EC0-301F-11D3-BF4B-00C04F79EFBC}") = "Tyuiu.HodakovaNA.Sprint4.Task5.V21.Test", "Tyuiu.HodakovaNA.Sprint4.Task5.V21.Test\Tyuiu.HodakovaNA.Sprint4.Task5.V21.Test.csproj", "{89A91B45-48A2-4D6B-9F25-619A535CC7DB}"
EndProject
Project("{FAE04EC0-301F-11D3-BF4B-00C04F79EFBC}") = "Tyuiu.HodakovaNA.Sprint4.Task6.V10", "Tyuiu.HodakovaNA.Sprint4.Task6.V10\Tyuiu.HodakovaNA.Sprint4.Task6.V10.csproj", "{29AE18CA-E22B-4466-9E49-AEB629D52750}"
EndProject
Project("{FAE04EC0-301F-11D3-BF4B-00C04F79EFBC}") = "Tyuiu.HodakovaNA.Sprint4.Task6.V10.Lib", "Tyuiu.HodakovaNA.Sprint4.Task6.V10.Lib\Tyuiu.HodakovaNA.Sprint4.Task6.V10.Lib.csproj", "{CBE251A8-07D0-4715-BF2F-2E910977EA41}"
EndProject
Project("{FAE04EC0-301F-11D3-BF4B-00C04F79EFBC}") = "Tyuiu.HodakovaNA.Sprint4.Task6.V10.Test", "Tyuiu.HodakovaNA.Sprint4.Task6.V10.Test\Tyuiu.HodakovaNA.Sprint4.Task6.V10.Test.csproj", "{748C9DCC-E14C-439A-B6CE-0B5C1B21EB43}"
EndProject
Global
	GlobalSection(SolutionConfigurationPlatforms) = preSolution
		Debug|Any CPU = Debug|Any CPU
		Release|Any CPU = Release|Any CPU
	EndGlobalSection
	GlobalSection(ProjectConfigurationPlatforms) = postSolution
		{B42D80CB-30BF-468C-BF7F-D5CC3EC224A9}.Debug|Any CPU.ActiveCfg = Debug|Any CPU
		{B42D80CB-30BF-468C-BF7F-D5CC3EC224A9}.Debug|Any CPU.Build.0 = Debug|Any CPU
		{B42D80CB-30BF-468C-BF7F-D5CC3EC224A9}.Release|Any CPU.ActiveCfg = Release|Any CPU
		{B42D80CB-30BF-468C-BF7F-D5CC3EC224A9}.Release|Any CPU.Build.0 = Release|Any CPU
		{BC920617-FA06-488B-9DEE-E4BD0653BB7B}.Debug|Any CPU.ActiveCfg = Debug|Any CPU
		{BC920617-FA06-488B-9DEE-E4BD0653BB7B}.Debug|Any CPU.Build.0 = Debug|Any CPU
		{BC920617-FA06-488B-9DEE-E4BD0653BB7B}.Release|Any CPU.ActiveCfg = Release|Any CPU
		{BC920617-FA06-488B-9DEE-E4BD0653BB7B}.Release|Any CPU.Build.0 = Release|Any CPU
		{C2B8CE6D-3FD6-43A5-84EB-9F3850EAAA58}.Debug|Any CPU.ActiveCfg = Debug|Any CPU
		{C2B8CE6D-3FD6-43A5-84EB-9F3850EAAA58}.Debug|Any CPU.Build.0 = Debug|Any CPU
		{C2B8CE6D-3FD6-43A5-84EB-9F3850EAAA58}.Release|Any CPU.ActiveCfg = Release|Any CPU
		{C2B8CE6D-3FD6-43A5-84EB-9F3850EAAA58}.Release|Any CPU.Build.0 = Release|Any CPU
		{4C4A4C4C-5515-43F5-8D6B-BED82D04FC4A}.Debug|Any CPU.ActiveCfg = Debug|Any CPU
		{4C4A4C4C-5515-43F5-8D6B-BED82D04FC4A}.Debug|Any CPU.Build.0 = Debug|Any CPU
		{4C4A4C4C-5515-43F5-8D6B-BED82D04FC4A}.Release|Any CPU.ActiveCfg = Release|Any CPU
		{4C4A4C4C-5515-43F5-8D6B-BED82D04FC4A}.Release|Any CPU.Build.0 = Release|Any CPU
		{237FF057-2AD1-453A-A556-7E1E6E316F62}.Debug|Any CPU.ActiveCfg = Debug|Any CPU
		{237FF057-2AD1-453A-A556-7E1E6E316F62}.Debug|Any CPU.Build.0 = Debug|Any CPU
		{237FF057-2AD1-453A-A556-7E1E6E316F62}.Release|Any CPU.ActiveCfg = Release|Any CPU
		{237FF057-2AD1-453A-A556-7E1E6E316F62}.Release|Any CPU.Build.0 = Release|Any CPU
		{D41A10D2-9715-4489-8011-084008EB00AA}.Debug|Any CPU.ActiveCfg = Debug|Any CPU
		{D41A10D2-9715-4489-8011-084008EB00AA}.Debug|Any CPU.Build.0 = Debug|Any CPU
		{D41A10D2-9715-4489-8011-084008EB00AA}.Release|Any CPU.ActiveCfg = Release|Any CPU
		{D41A10D2-9715-4489-8011-084008EB00AA}.Release|Any CPU.Build.0 = Release|Any CPU
		{00F8CB09-BF6B-4F9F-A755-123E7AF6DE8F}.Debug|Any CPU.ActiveCfg = Debug|Any CPU
		{00F8CB09-BF6B-4F9F-A755-123E7AF6DE8F}.Debug|Any CPU.Build.0 = Debug|Any CPU
		{00F8CB09-BF6B-4F9F-A755-123E7AF6DE8F}.Release|Any CPU.ActiveCfg = Release|Any CPU
		{00F8CB09-BF6B-4F9F-A755-123E7AF6DE8F}.Release|Any CPU.Build.0 = Release|Any CPU
		{3474C943-0848-44DA-9544-A642E18686BB}.Debug|Any CPU.ActiveCfg = Debug|Any CPU
		{3474C943-0848-44DA-9544-A642E18686BB}.Debug|Any CPU.Build.0 = Debug|Any CPU
		{3474C943-0848-44DA-9544-A642E18686BB}.Release|Any CPU.ActiveCfg = Release|Any CPU
		{3474C943-0848-44DA-9544-A642E18686BB}.Release|Any CPU.Build.0 = Release|Any CPU
		{EBAAA82B-1060-497E-AA44-2DA0DEC00008}.Debug|Any CPU.ActiveCfg = Debug|Any CPU
		{EBAAA82B-1060-497E-AA44-2DA0DEC00008}.Debug|Any CPU.Build.0 = Debug|Any CPU
		{EBAAA82B-1060-497E-AA44-2DA0DEC00008}.Release|Any CPU.ActiveCfg = Release|Any CPU
		{EBAAA82B-1060-497E-AA44-2DA0DEC00008}.Release|Any CPU.Build.0 = Release|Any CPU
		{AFFAD93C-C3CF-44DD-A61B-F5217BCC7BC2}.Debug|Any CPU.ActiveCfg = Debug|Any CPU
		{AFFAD93C-C3CF-44DD-A61B-F5217BCC7BC2}.Debug|Any CPU.Build.0 = Debug|Any CPU
		{AFFAD93C-C3CF-44DD-A61B-F5217BCC7BC2}.Release|Any CPU.ActiveCfg = Release|Any CPU
		{AFFAD93C-C3CF-44DD-A61B-F5217BCC7BC2}.Release|Any CPU.Build.0 = Release|Any CPU
		{689B182E-9107-4B45-B8B1-00B2D3B4C702}.Debug|Any CPU.ActiveCfg = Debug|Any CPU
		{689B182E-9107-4B45-B8B1-00B2D3B4C702}.Debug|Any CPU.Build.0 = Debug|Any CPU
		{689B182E-9107-4B45-B8B1-00B2D3B4C702}.Release|Any CPU.ActiveCfg = Release|Any CPU
		{689B182E-9107-4B45-B8B1-00B2D3B4C702}.Release|Any CPU.Build.0 = Release|Any CPU
		{0FAECDC3-B9D1-4245-8AC3-08A59A3609EE}.Debug|Any CPU.ActiveCfg = Debug|Any CPU
		{0FAECDC3-B9D1-4245-8AC3-08A59A3609EE}.Debug|Any CPU.Build.0 = Debug|Any CPU
		{0FAECDC3-B9D1-4245-8AC3-08A59A3609EE}.Release|Any CPU.ActiveCfg = Release|Any CPU
		{0FAECDC3-B9D1-4245-8AC3-08A59A3609EE}.Release|Any CPU.Build.0 = Release|Any CPU
		{5A1C3154-0C1D-45D8-B4B3-C80FE4F2753B}.Debug|Any CPU.ActiveCfg = Debug|Any CPU
		{5A1C3154-0C1D-45D8-B4B3-C80FE4F2753B}.Debug|Any CPU.Build.0 = Debug|Any CPU
		{5A1C3154-0C1D-45D8-B4B3-C80FE4F2753B}.Release|Any CPU.ActiveCfg = Release|Any CPU
		{5A1C3154-0C1D-45D8-B4B3-C80FE4F2753B}.Release|Any CPU.Build.0 = Release|Any CPU
		{F88E063D-75EB-45AB-8E07-A07696B5071C}.Debug|Any CPU.ActiveCfg = Debug|Any CPU
		{F88E063D-75EB-45AB-8E07-A07696B5071C}.Debug|Any CPU.Build.0 = Debug|Any CPU
		{F88E063D-75EB-45AB-8E07-A07696B5071C}.Release|Any CPU.ActiveCfg = Release|Any CPU
		{F88E063D-75EB-45AB-8E07-A07696B5071C}.Release|Any CPU.Build.0 = Release|Any CPU
		{442ED09F-117E-403A-B002-F8D90DF6DE06}.Debug|Any CPU.ActiveCfg = Debug|Any CPU
		{442ED09F-117E-403A-B002-F8D90DF6DE06}.Debug|Any CPU.Build.0 = Debug|Any CPU
		{442ED09F-117E-403A-B002-F8D90DF6DE06}.Release|Any CPU.ActiveCfg = Release|Any CPU
		{442ED09F-117E-403A-B002-F8D90DF6DE06}.Release|Any CPU.Build.0 = Release|Any CPU
		{F059749B-F8CE-4F48-AF10-A42C997E9B86}.Debug|Any CPU.ActiveCfg = Debug|Any CPU
		{F059749B-F8CE-4F48-AF10-A42C997E9B86}.Debug|Any CPU.Build.0 = Debug|Any CPU
		{F059749B-F8CE-4F48-AF10-A42C997E9B86}.Release|Any CPU.ActiveCfg = Release|Any CPU
		{F059749B-F8CE-4F48-AF10-A42C997E9B86}.Release|Any CPU.Build.0 = Release|Any CPU
		{D1CC480E-0646-4EE9-BD40-A1C6E7762EEB}.Debug|Any CPU.ActiveCfg = Debug|Any CPU
		{D1CC480E-0646-4EE9-BD40-A1C6E7762EEB}.Debug|Any CPU.Build.0 = Debug|Any CPU
		{D1CC480E-0646-4EE9-BD40-A1C6E7762EEB}.Release|Any CPU.ActiveCfg = Release|Any CPU
		{D1CC480E-0646-4EE9-BD40-A1C6E7762EEB}.Release|Any CPU.Build.0 = Release|Any CPU
		{89A91B45-48A2-4D6B-9F25-619A535CC7DB}.Debug|Any CPU.ActiveCfg = Debug|Any CPU
		{89A91B45-48A2-4D6B-9F25-619A535CC7DB}.Debug|Any CPU.Build.0 = Debug|Any CPU
		{89A91B45-48A2-4D6B-9F25-619A535CC7DB}.Release|Any CPU.ActiveCfg = Release|Any CPU
		{89A91B45-48A2-4D6B-9F25-619A535CC7DB}.Release|Any CPU.Build.0 = Release|Any CPU
		{29AE18CA-E22B-4466-9E49-AEB629D52750}.Debug|Any CPU.ActiveCfg = Debug|Any CPU
		{29AE18CA-E22B-4466-9E49-AEB629D52750}.Debug|Any CPU.Build.0 = Debug|Any CPU
		{29AE18CA-E22B-4466-9E49-AEB629D52750}.Release|Any CPU.ActiveCfg = Release|Any CPU
		{29AE18CA-E22B-4466-9E49-AEB629D52750}.Release|Any CPU.Build.0 = Release|Any CPU
		{CBE251A8-07D0-4715-BF2F-2E910977EA41}.Debug|Any CPU.ActiveCfg = Debug|Any CPU
		{CBE251A8-07D0-4715-BF2F-2E910977EA41}.Debug|Any CPU.Build.0 = Debug|Any CPU
		{CBE251A8-07D0-4715-BF2F-2E910977EA41}.Release|Any CPU.ActiveCfg = Release|Any CPU
		{CBE251A8-07D0-4715-BF2F-2E910977EA41}.Release|Any CPU.Build.0 = Release|Any CPU
		{748C9DCC-E14C-439A-B6CE-0B5C1B21EB43}.Debug|Any CPU.ActiveCfg = Debug|Any CPU
		{748C9DCC-E14C-439A-B6CE-0B5C1B21EB43}.Debug|Any CPU.Build.0 = Debug|Any CPU
		{748C9DCC-E14C-439A-B6CE-0B5C1B21EB43}.Release|Any CPU.ActiveCfg = Release|Any CPU
		{748C9DCC-E14C-439A-B6CE-0B5C1B21EB43}.Release|Any CPU.Build.0 = Release|Any CPU
	EndGlobalSection
	GlobalSection(SolutionProperties) = preSolution
		HideSolutionNode = FALSE
	EndGlobalSection
	GlobalSection(NestedProjects) = preSolution
		{B42D80CB-30BF-468C-BF7F-D5CC3EC224A9} = {B1F00FCB-FFDD-4550-9585-6431B16E3449}
		{BC920617-FA06-488B-9DEE-E4BD0653BB7B} = {B1F00FCB-FFDD-4550-9585-6431B16E3449}
		{C2B8CE6D-3FD6-43A5-84EB-9F3850EAAA58} = {B1F00FCB-FFDD-4550-9585-6431B16E3449}
		{4C4A4C4C-5515-43F5-8D6B-BED82D04FC4A} = {20825FA9-C7CE-4A68-B772-EE51D0EEE8D7}
		{237FF057-2AD1-453A-A556-7E1E6E316F62} = {20825FA9-C7CE-4A68-B772-EE51D0EEE8D7}
		{D41A10D2-9715-4489-8011-084008EB00AA} = {20825FA9-C7CE-4A68-B772-EE51D0EEE8D7}
		{00F8CB09-BF6B-4F9F-A755-123E7AF6DE8F} = {11B6C83C-9A98-43FD-AEC2-BE6EAC450BDC}
		{3474C943-0848-44DA-9544-A642E18686BB} = {11B6C83C-9A98-43FD-AEC2-BE6EAC450BDC}
		{EBAAA82B-1060-497E-AA44-2DA0DEC00008} = {11B6C83C-9A98-43FD-AEC2-BE6EAC450BDC}
		{AFFAD93C-C3CF-44DD-A61B-F5217BCC7BC2} = {82E39674-C0F9-4A88-BFD8-285F657199E4}
		{689B182E-9107-4B45-B8B1-00B2D3B4C702} = {82E39674-C0F9-4A88-BFD8-285F657199E4}
		{0FAECDC3-B9D1-4245-8AC3-08A59A3609EE} = {82E39674-C0F9-4A88-BFD8-285F657199E4}
		{5A1C3154-0C1D-45D8-B4B3-C80FE4F2753B} = {73EFD1AB-7763-4F0E-9972-19A0ED227DBF}
		{F88E063D-75EB-45AB-8E07-A07696B5071C} = {73EFD1AB-7763-4F0E-9972-19A0ED227DBF}
		{442ED09F-117E-403A-B002-F8D90DF6DE06} = {73EFD1AB-7763-4F0E-9972-19A0ED227DBF}
		{F059749B-F8CE-4F48-AF10-A42C997E9B86} = {DFF36EA5-B3A0-443A-8A44-9DF1EB7787FD}
		{D1CC480E-0646-4EE9-BD40-A1C6E7762EEB} = {DFF36EA5-B3A0-443A-8A44-9DF1EB7787FD}
		{89A91B45-48A2-4D6B-9F25-619A535CC7DB} = {DFF36EA5-B3A0-443A-8A44-9DF1EB7787FD}
		{29AE18CA-E22B-4466-9E49-AEB629D52750} = {FDA836CA-B726-4F56-A887-0D2A626FE910}
		{CBE251A8-07D0-4715-BF2F-2E910977EA41} = {FDA836CA-B726-4F56-A887-0D2A626FE910}
		{748C9DCC-E14C-439A-B6CE-0B5C1B21EB43} = {FDA836CA-B726-4F56-A887-0D2A626FE910}
	EndGlobalSection
	GlobalSection(ExtensibilityGlobals) = postSolution
		SolutionGuid = {861A15D0-29D6-4664-950B-E1C369DDD74F}
	EndGlobalSection
EndGlobal
